
Microsoft Visual Studio Solution File, Format Version 12.00
# Visual Studio Version 16
VisualStudioVersion = 16.0.31019.35
MinimumVisualStudioVersion = 10.0.40219.1
Project("{FAE04EC0-301F-11D3-BF4B-00C04F79EFBC}") = "TelnetClient", "TelnetClient\TelnetClient.csproj", "{854228E1-5659-478D-8F34-6DFFBF0FAAA7}"
EndProject
Project("{FAE04EC0-301F-11D3-BF4B-00C04F79EFBC}") = "TelnetServer", "TelnetServer\TelnetServer.csproj", "{70C07C72-1B22-4CB8-B865-B16B5147ABA8}"
EndProject
Global
	GlobalSection(SolutionConfigurationPlatforms) = preSolution
		Debug|Any CPU = Debug|Any CPU
		Release|Any CPU = Release|Any CPU
	EndGlobalSection
	GlobalSection(ProjectConfigurationPlatforms) = postSolution
		{854228E1-5659-478D-8F34-6DFFBF0FAAA7}.Debug|Any CPU.ActiveCfg = Debug|Any CPU
		{854228E1-5659-478D-8F34-6DFFBF0FAAA7}.Debug|Any CPU.Build.0 = Debug|Any CPU
		{854228E1-5659-478D-8F34-6DFFBF0FAAA7}.Release|Any CPU.ActiveCfg = Release|Any CPU
		{854228E1-5659-478D-8F34-6DFFBF0FAAA7}.Release|Any CPU.Build.0 = Release|Any CPU
		{70C07C72-1B22-4CB8-B865-B16B5147ABA8}.Debug|Any CPU.ActiveCfg = Debug|Any CPU
		{70C07C72-1B22-4CB8-B865-B16B5147ABA8}.Debug|Any CPU.Build.0 = Debug|Any CPU
		{70C07C72-1B22-4CB8-B865-B16B5147ABA8}.Release|Any CPU.ActiveCfg = Release|Any CPU
		{70C07C72-1B22-4CB8-B865-B16B5147ABA8}.Release|Any CPU.Build.0 = Release|Any CPU
	EndGlobalSection
	GlobalSection(SolutionProperties) = preSolution
		HideSolutionNode = FALSE
	EndGlobalSection
	GlobalSection(ExtensibilityGlobals) = postSolution
		SolutionGuid = {251E431C-46D0-40AD-A785-C28625873F72}
	EndGlobalSection
EndGlobal
